
Microsoft Visual Studio Solution File, Format Version 12.00
# Visual Studio 15
VisualStudioVersion = 15.0.28307.271
MinimumVisualStudioVersion = 10.0.40219.1
Project("{FAE04EC0-301F-11D3-BF4B-00C04F79EFBC}") = "Fitness.BL", "Fitness.BL\Fitness.BL.csproj", "{3162498D-25AC-4BDB-ACF9-ACE123B21E82}"
EndProject
Project("{FAE04EC0-301F-11D3-BF4B-00C04F79EFBC}") = "Fitness.CMD", "Fitness.CMD\Fitness.CMD.csproj", "{59DB9C5E-DE41-48A0-84A7-4E099210CCF8}"
EndProject
Project("{FAE04EC0-301F-11D3-BF4B-00C04F79EFBC}") = "Fitness.BLTests", "Fitness.BLTests\Fitness.BLTests.csproj", "{2CC35CDC-BB8B-4E8B-A743-C9CDE759F508}"
EndProject
Global
	GlobalSection(SolutionConfigurationPlatforms) = preSolution
		Debug|Any CPU = Debug|Any CPU
		Release|Any CPU = Release|Any CPU
	EndGlobalSection
	GlobalSection(ProjectConfigurationPlatforms) = postSolution
		{3162498D-25AC-4BDB-ACF9-ACE123B21E82}.Debug|Any CPU.ActiveCfg = Debug|Any CPU
		{3162498D-25AC-4BDB-ACF9-ACE123B21E82}.Debug|Any CPU.Build.0 = Debug|Any CPU
		{3162498D-25AC-4BDB-ACF9-ACE123B21E82}.Release|Any CPU.ActiveCfg = Release|Any CPU
		{3162498D-25AC-4BDB-ACF9-ACE123B21E82}.Release|Any CPU.Build.0 = Release|Any CPU
		{59DB9C5E-DE41-48A0-84A7-4E099210CCF8}.Debug|Any CPU.ActiveCfg = Debug|Any CPU
		{59DB9C5E-DE41-48A0-84A7-4E099210CCF8}.Debug|Any CPU.Build.0 = Debug|Any CPU
		{59DB9C5E-DE41-48A0-84A7-4E099210CCF8}.Release|Any CPU.ActiveCfg = Release|Any CPU
		{59DB9C5E-DE41-48A0-84A7-4E099210CCF8}.Release|Any CPU.Build.0 = Release|Any CPU
		{2CC35CDC-BB8B-4E8B-A743-C9CDE759F508}.Debug|Any CPU.ActiveCfg = Debug|Any CPU
		{2CC35CDC-BB8B-4E8B-A743-C9CDE759F508}.Debug|Any CPU.Build.0 = Debug|Any CPU
		{2CC35CDC-BB8B-4E8B-A743-C9CDE759F508}.Release|Any CPU.ActiveCfg = Release|Any CPU
		{2CC35CDC-BB8B-4E8B-A743-C9CDE759F508}.Release|Any CPU.Build.0 = Release|Any CPU
	EndGlobalSection
	GlobalSection(SolutionProperties) = preSolution
		HideSolutionNode = FALSE
	EndGlobalSection
	GlobalSection(ExtensibilityGlobals) = postSolution
		SolutionGuid = {A73FC5FB-3623-47EB-8069-C6042697294A}
	EndGlobalSection
EndGlobal
